
Microsoft Visual Studio Solution File, Format Version 12.00
# Visual Studio 15
VisualStudioVersion = 15.0.27703.2042
MinimumVisualStudioVersion = 10.0.40219.1
Project("{FAE04EC0-301F-11D3-BF4B-00C04F79EFBC}") = "CarDealer.App", "CarDealer.App\CarDealer.App.csproj", "{FD24498B-C85A-49F7-9FB1-3ACCF0E278EE}"
EndProject
Project("{FAE04EC0-301F-11D3-BF4B-00C04F79EFBC}") = "CarDealer.Data", "CarDealer.Data\CarDealer.Data.csproj", "{F94FEBA1-0C72-4359-9798-5F611E161108}"
EndProject
Project("{FAE04EC0-301F-11D3-BF4B-00C04F79EFBC}") = "CarDealer.Models", "CarDealer.Models\CarDealer.Models.csproj", "{5413E9CD-79F6-48F3-9114-66A040E723C7}"
EndProject
Global
	GlobalSection(SolutionConfigurationPlatforms) = preSolution
		Debug|Any CPU = Debug|Any CPU
		Release|Any CPU = Release|Any CPU
	EndGlobalSection
	GlobalSection(ProjectConfigurationPlatforms) = postSolution
		{FD24498B-C85A-49F7-9FB1-3ACCF0E278EE}.Debug|Any CPU.ActiveCfg = Debug|Any CPU
		{FD24498B-C85A-49F7-9FB1-3ACCF0E278EE}.Debug|Any CPU.Build.0 = Debug|Any CPU
		{FD24498B-C85A-49F7-9FB1-3ACCF0E278EE}.Release|Any CPU.ActiveCfg = Release|Any CPU
		{FD24498B-C85A-49F7-9FB1-3ACCF0E278EE}.Release|Any CPU.Build.0 = Release|Any CPU
		{F94FEBA1-0C72-4359-9798-5F611E161108}.Debug|Any CPU.ActiveCfg = Debug|Any CPU
		{F94FEBA1-0C72-4359-9798-5F611E161108}.Debug|Any CPU.Build.0 = Debug|Any CPU
		{F94FEBA1-0C72-4359-9798-5F611E161108}.Release|Any CPU.ActiveCfg = Release|Any CPU
		{F94FEBA1-0C72-4359-9798-5F611E161108}.Release|Any CPU.Build.0 = Release|Any CPU
		{5413E9CD-79F6-48F3-9114-66A040E723C7}.Debug|Any CPU.ActiveCfg = Debug|Any CPU
		{5413E9CD-79F6-48F3-9114-66A040E723C7}.Debug|Any CPU.Build.0 = Debug|Any CPU
		{5413E9CD-79F6-48F3-9114-66A040E723C7}.Release|Any CPU.ActiveCfg = Release|Any CPU
		{5413E9CD-79F6-48F3-9114-66A040E723C7}.Release|Any CPU.Build.0 = Release|Any CPU
	EndGlobalSection
	GlobalSection(SolutionProperties) = preSolution
		HideSolutionNode = FALSE
	EndGlobalSection
	GlobalSection(ExtensibilityGlobals) = postSolution
		SolutionGuid = {B2250D11-74A7-4A56-9E62-90F1239874E5}
	EndGlobalSection
EndGlobal
